hash: 8001764993895b0f034c6215718c822f3b434a85594ff28c55592cea266bdf00
updated: 2016-09-08T11:05:43.63914592-07:00
imports:
- name: github.com/aokoli/goutils
  version: 9c37978a95bd5c709a15883b6242714ea6709e64
- name: github.com/inconshreveable/mousetrap
  version: 76626ae9c91c4f2a10f34cad8ce83ea42c93bb75
- name: github.com/Masterminds/sprig
  version: 89eb6984259918bffe1ddff9647b9ed06061e688
- name: github.com/spf13/cobra
  version: f368244301305f414206f889b1735a54cfc8bde8
- name: github.com/spf13/pflag
  version: cb88ea77998c3f024757528e3305022ab50b43be
testImports: []
