hash: 26af16bae2a4c5582efb078189ca6de23dd2ed01760cb2183bedf8f29925c4ae
updated: 2018-12-12T01:24:00.370878891+01:00
imports:
- name: github.com/aokoli/goutils
  version: 41ac8693c5c10a92ea1ff5ac3a7f95646f6123b0
- name: github.com/google/uuid
  version: 064e2069ce9c359c118179501254f67d7d37ba24
- name: github.com/huandu/xstrings
  version: 8bbcf2f9ccb55755e748b7644164cd4bdce94c1d
- name: github.com/imdario/mergo
  version: 7fe0c75c13abdee74b09fcacef5ea1c6bba6a874
- name: github.com/inconshreveable/mousetrap
  version: 76626ae9c91c4f2a10f34cad8ce83ea42c93bb75
- name: github.com/Masterminds/semver
  version: 59c29afe1a994eacb71c833025ca7acf874bb1da
- name: github.com/Masterminds/sprig
  version: 15f9564e7e9cf0da02a48e0d25f12a7b83559aa6
- name: github.com/spf13/cobra
  version: d2d81d9a96e23f0255397222bb0b4e3165e492dc
- name: github.com/spf13/pflag
  version: aea12ed6721610dc6ed40141676d7ab0a1dac9e9
- name: golang.org/x/crypto
  version: 505ab145d0a99da450461ae2c1a9f6cd10d1f447
  subpackages:
  - pbkdf2
  - scrypt
testImports: []
